// !$*UTF8*$!
{
	archiveVersion = 1;
	classes = {
	};
	objectVersion = 55;
	objects = {

/* Begin PBXBuildFile section */
		C229F6B62B1E3C6700913CD9 /* AppDelegate.swift in Sources */ = {isa = PBXBuildFile; fileRef = C229F6B52B1E3C6700913CD9 /* AppDelegate.swift */; };
		C229F6B82B1E3C6700913CD9 /* SceneDelegate.swift in Sources */ = {isa = PBXBuildFile; fileRef = C229F6B72B1E3C6700913CD9 /* SceneDelegate.swift */; };
		C229F6BF2B1E3C6C00913CD9 /* Assets.xcassets in Resources */ = {isa = PBXBuildFile; fileRef = C229F6BE2B1E3C6C00913CD9 /* Assets.xcassets */; };
		C229F6C22B1E3C6C00913CD9 /* LaunchScreen.storyboard in Resources */ = {isa = PBXBuildFile; fileRef = C229F6C02B1E3C6C00913CD9 /* LaunchScreen.storyboard */; };
		C229F6D02B1E425600913CD9 /* MainViewController.swift in Sources */ = {isa = PBXBuildFile; fileRef = C229F6CF2B1E425600913CD9 /* MainViewController.swift */; };
		C229F6D32B1E45C900913CD9 /* Localizable.strings in Resources */ = {isa = PBXBuildFile; fileRef = C229F6D52B1E45C900913CD9 /* Localizable.strings */; };
		C229F6D92B1E464C00913CD9 /* NavigationRouter.swift in Sources */ = {isa = PBXBuildFile; fileRef = C229F6D82B1E464C00913CD9 /* NavigationRouter.swift */; };
		C229F6DC2B1E47F800913CD9 /* MainViewModel.swift in Sources */ = {isa = PBXBuildFile; fileRef = C229F6DB2B1E47F800913CD9 /* MainViewModel.swift */; };
		C229F6DF2B1E49F400913CD9 /* String+Ext.swift in Sources */ = {isa = PBXBuildFile; fileRef = C229F6DE2B1E49F400913CD9 /* String+Ext.swift */; };
		C229F6E92B1E4CDA00913CD9 /* LibOfMoviesUI.docc in Sources */ = {isa = PBXBuildFile; fileRef = C229F6E82B1E4CDA00913CD9 /* LibOfMoviesUI.docc */; };
		C229F6EA2B1E4CDA00913CD9 /* LibOfMoviesUI.h in Headers */ = {isa = PBXBuildFile; fileRef = C229F6E72B1E4CDA00913CD9 /* LibOfMoviesUI.h */; settings = {ATTRIBUTES = (Public, ); }; };
		C229F6ED2B1E4CDA00913CD9 /* LibOfMoviesUI.framework in Frameworks */ = {isa = PBXBuildFile; fileRef = C229F6E52B1E4CDA00913CD9 /* LibOfMoviesUI.framework */; };
		C229F6EE2B1E4CDA00913CD9 /* LibOfMoviesUI.framework in Embed Frameworks */ = {isa = PBXBuildFile; fileRef = C229F6E52B1E4CDA00913CD9 /* LibOfMoviesUI.framework */; settings = {ATTRIBUTES = (CodeSignOnCopy, RemoveHeadersOnCopy, ); }; };
		C229F6F52B1E4D0B00913CD9 /* UIView+Ext.swift in Sources */ = {isa = PBXBuildFile; fileRef = C229F6F42B1E4D0B00913CD9 /* UIView+Ext.swift */; };
		C229F6F82B1E4E1000913CD9 /* LibOfMoviesSize.swift in Sources */ = {isa = PBXBuildFile; fileRef = C229F6F72B1E4E1000913CD9 /* LibOfMoviesSize.swift */; };
		C229F6FB2B1E4EC600913CD9 /* LibOfMoviesCollectionViewFlowLayout.swift in Sources */ = {isa = PBXBuildFile; fileRef = C229F6FA2B1E4EC600913CD9 /* LibOfMoviesCollectionViewFlowLayout.swift */; };
		C229F6FD2B1E4F4C00913CD9 /* MainCollectionViewCell.swift in Sources */ = {isa = PBXBuildFile; fileRef = C229F6FC2B1E4F4C00913CD9 /* MainCollectionViewCell.swift */; };
		C229F7072B1E4FC200913CD9 /* LibOfMoviesNetwork.docc in Sources */ = {isa = PBXBuildFile; fileRef = C229F7062B1E4FC200913CD9 /* LibOfMoviesNetwork.docc */; };
		C229F7082B1E4FC200913CD9 /* LibOfMoviesNetwork.h in Headers */ = {isa = PBXBuildFile; fileRef = C229F7052B1E4FC200913CD9 /* LibOfMoviesNetwork.h */; settings = {ATTRIBUTES = (Public, ); }; };
		C229F70B2B1E4FC200913CD9 /* LibOfMoviesNetwork.framework in Frameworks */ = {isa = PBXBuildFile; fileRef = C229F7032B1E4FC200913CD9 /* LibOfMoviesNetwork.framework */; };
		C229F70C2B1E4FC200913CD9 /* LibOfMoviesNetwork.framework in Embed Frameworks */ = {isa = PBXBuildFile; fileRef = C229F7032B1E4FC200913CD9 /* LibOfMoviesNetwork.framework */; settings = {ATTRIBUTES = (CodeSignOnCopy, RemoveHeadersOnCopy, ); }; };
		C229F7122B1E503B00913CD9 /* URLFactory.swift in Sources */ = {isa = PBXBuildFile; fileRef = C229F7112B1E503B00913CD9 /* URLFactory.swift */; };
		C229F7142B1E51A000913CD9 /* ResponderType.swift in Sources */ = {isa = PBXBuildFile; fileRef = C229F7132B1E51A000913CD9 /* ResponderType.swift */; };
		C229F7172B1E58B300913CD9 /* NetworkManager.swift in Sources */ = {isa = PBXBuildFile; fileRef = C229F7162B1E58B300913CD9 /* NetworkManager.swift */; };
		C229F71A2B1E5A6F00913CD9 /* MovieDTO.swift in Sources */ = {isa = PBXBuildFile; fileRef = C229F7192B1E5A6F00913CD9 /* MovieDTO.swift */; };
		C229F71C2B1E5C9C00913CD9 /* ResultsDTO.swift in Sources */ = {isa = PBXBuildFile; fileRef = C229F71B2B1E5C9C00913CD9 /* ResultsDTO.swift */; };
		C229F71F2B1E5FF400913CD9 /* URLSession+Ext.swift in Sources */ = {isa = PBXBuildFile; fileRef = C229F71E2B1E5FF400913CD9 /* URLSession+Ext.swift */; };
		C229F7232B1E64A000913CD9 /* MovieStrategy.swift in Sources */ = {isa = PBXBuildFile; fileRef = C229F7222B1E64A000913CD9 /* MovieStrategy.swift */; };
		C229F7252B1E64D700913CD9 /* BaseMovieStrategy.swift in Sources */ = {isa = PBXBuildFile; fileRef = C229F7242B1E64D700913CD9 /* BaseMovieStrategy.swift */; };
		C229F7282B1E657400913CD9 /* Movie.swift in Sources */ = {isa = PBXBuildFile; fileRef = C229F7272B1E657400913CD9 /* Movie.swift */; };
		C229F72A2B1E671C00913CD9 /* MovieDTO+Ext.swift in Sources */ = {isa = PBXBuildFile; fileRef = C229F7292B1E671C00913CD9 /* MovieDTO+Ext.swift */; };
		C229F72C2B1E6B0200913CD9 /* UIImageView+Ext.swift in Sources */ = {isa = PBXBuildFile; fileRef = C229F72B2B1E6B0200913CD9 /* UIImageView+Ext.swift */; };
		C229F72E2B1E6BAB00913CD9 /* UIFont+Ext.swift in Sources */ = {isa = PBXBuildFile; fileRef = C229F72D2B1E6BAB00913CD9 /* UIFont+Ext.swift */; };
		C2B211EC2B1F10480080F26F /* LibOfMoviesPersistence.docc in Sources */ = {isa = PBXBuildFile; fileRef = C2B211EB2B1F10480080F26F /* LibOfMoviesPersistence.docc */; };
		C2B211ED2B1F10480080F26F /* LibOfMoviesPersistence.h in Headers */ = {isa = PBXBuildFile; fileRef = C2B211EA2B1F10480080F26F /* LibOfMoviesPersistence.h */; settings = {ATTRIBUTES = (Public, ); }; };
		C2B211F02B1F10480080F26F /* LibOfMoviesPersistence.framework in Frameworks */ = {isa = PBXBuildFile; fileRef = C2B211E82B1F10480080F26F /* LibOfMoviesPersistence.framework */; };
		C2B211F12B1F10480080F26F /* LibOfMoviesPersistence.framework in Embed Frameworks */ = {isa = PBXBuildFile; fileRef = C2B211E82B1F10480080F26F /* LibOfMoviesPersistence.framework */; settings = {ATTRIBUTES = (CodeSignOnCopy, RemoveHeadersOnCopy, ); }; };
		C2B211F72B1F13490080F26F /* Realm in Frameworks */ = {isa = PBXBuildFile; productRef = C2B211F62B1F13490080F26F /* Realm */; };
		C2B211F92B1F13490080F26F /* RealmSwift in Frameworks */ = {isa = PBXBuildFile; productRef = C2B211F82B1F13490080F26F /* RealmSwift */; };
		C2B211FC2B1F135A0080F26F /* Realm in Frameworks */ = {isa = PBXBuildFile; productRef = C2B211FB2B1F135A0080F26F /* Realm */; };
		C2B211FE2B1F13610080F26F /* RealmSwift in Frameworks */ = {isa = PBXBuildFile; productRef = C2B211FD2B1F13610080F26F /* RealmSwift */; };
		C2B212012B1F14690080F26F /* MoviePOCO.swift in Sources */ = {isa = PBXBuildFile; fileRef = C2B212002B1F14690080F26F /* MoviePOCO.swift */; };
		C2B212042B1F14DC0080F26F /* FavouritesCaretaker.swift in Sources */ = {isa = PBXBuildFile; fileRef = C2B212032B1F14DC0080F26F /* FavouritesCaretaker.swift */; };
		C2B212062B1F16140080F26F /* MoviePOCO+Ext.swift in Sources */ = {isa = PBXBuildFile; fileRef = C2B212052B1F16140080F26F /* MoviePOCO+Ext.swift */; };
		C2B212092B1F6D230080F26F /* DetailsNavigation.swift in Sources */ = {isa = PBXBuildFile; fileRef = C2B212082B1F6D230080F26F /* DetailsNavigation.swift */; };
		C2B2120D2B1F6E2D0080F26F /* DetailsViewController.swift in Sources */ = {isa = PBXBuildFile; fileRef = C2B2120C2B1F6E2D0080F26F /* DetailsViewController.swift */; };
		C2B212102B1F9CFC0080F26F /* DetailsViewModel.swift in Sources */ = {isa = PBXBuildFile; fileRef = C2B2120F2B1F9CFC0080F26F /* DetailsViewModel.swift */; };
/* End PBXBuildFile section */

/* Begin PBXContainerItemProxy section */
		C229F6EB2B1E4CDA00913CD9 /* PBXContainerItemProxy */ = {
			isa = PBXContainerItemProxy;
			containerPortal = C229F6AA2B1E3C6700913CD9 /* Project object */;
			proxyType = 1;
			remoteGlobalIDString = C229F6E42B1E4CDA00913CD9;
			remoteInfo = LibOfMoviesUI;
		};
		C229F7092B1E4FC200913CD9 /* PBXContainerItemProxy */ = {
			isa = PBXContainerItemProxy;
			containerPortal = C229F6AA2B1E3C6700913CD9 /* Project object */;
			proxyType = 1;
			remoteGlobalIDString = C229F7022B1E4FC200913CD9;
			remoteInfo = LibOfMoviesNetwork;
		};
		C2B211EE2B1F10480080F26F /* PBXContainerItemProxy */ = {
			isa = PBXContainerItemProxy;
			containerPortal = C229F6AA2B1E3C6700913CD9 /* Project object */;
			proxyType = 1;
			remoteGlobalIDString = C2B211E72B1F10480080F26F;
			remoteInfo = LibOfMoviesPersistence;
		};
/* End PBXContainerItemProxy section */

/* Begin PBXCopyFilesBuildPhase section */
		C229F6F22B1E4CDA00913CD9 /* Embed Frameworks */ = {
			isa = PBXCopyFilesBuildPhase;
			buildActionMask = 2147483647;
			dstPath = "";
			dstSubfolderSpec = 10;
			files = (
				C2B211F12B1F10480080F26F /* LibOfMoviesPersistence.framework in Embed Frameworks */,
				C229F6EE2B1E4CDA00913CD9 /* LibOfMoviesUI.framework in Embed Frameworks */,
				C229F70C2B1E4FC200913CD9 /* LibOfMoviesNetwork.framework in Embed Frameworks */,
			);
			name = "Embed Frameworks";
			runOnlyForDeploymentPostprocessing = 0;
		};
/* End PBXCopyFilesBuildPhase section */

/* Begin PBXFileReference section */
		C229F6B22B1E3C6700913CD9 /* LibOfMovies.app */ = {isa = PBXFileReference; explicitFileType = wrapper.application; includeInIndex = 0; path = LibOfMovies.app; sourceTree = BUILT_PRODUCTS_DIR; };
		C229F6B52B1E3C6700913CD9 /* AppDelegate.swift */ = {isa = PBXFileReference; lastKnownFileType = sourcecode.swift; path = AppDelegate.swift; sourceTree = "<group>"; };
		C229F6B72B1E3C6700913CD9 /* SceneDelegate.swift */ = {isa = PBXFileReference; lastKnownFileType = sourcecode.swift; path = SceneDelegate.swift; sourceTree = "<group>"; };
		C229F6BE2B1E3C6C00913CD9 /* Assets.xcassets */ = {isa = PBXFileReference; lastKnownFileType = folder.assetcatalog; path = Assets.xcassets; sourceTree = "<group>"; };
		C229F6C12B1E3C6C00913CD9 /* Base */ = {isa = PBXFileReference; lastKnownFileType = file.storyboard; name = Base; path = Base.lproj/LaunchScreen.storyboard; sourceTree = "<group>"; };
		C229F6C32B1E3C6C00913CD9 /* Info.plist */ = {isa = PBXFileReference; lastKnownFileType = text.plist.xml; path = Info.plist; sourceTree = "<group>"; };
		C229F6CF2B1E425600913CD9 /* MainViewController.swift */ = {isa = PBXFileReference; lastKnownFileType = sourcecode.swift; path = MainViewController.swift; sourceTree = "<group>"; };
		C229F6D42B1E45C900913CD9 /* en */ = {isa = PBXFileReference; lastKnownFileType = text.plist.strings; name = en; path = en.lproj/Localizable.strings; sourceTree = "<group>"; };
		C229F6D82B1E464C00913CD9 /* NavigationRouter.swift */ = {isa = PBXFileReference; lastKnownFileType = sourcecode.swift; path = NavigationRouter.swift; sourceTree = "<group>"; };
		C229F6DB2B1E47F800913CD9 /* MainViewModel.swift */ = {isa = PBXFileReference; lastKnownFileType = sourcecode.swift; path = MainViewModel.swift; sourceTree = "<group>"; };
		C229F6DE2B1E49F400913CD9 /* String+Ext.swift */ = {isa = PBXFileReference; lastKnownFileType = sourcecode.swift; path = "String+Ext.swift"; sourceTree = "<group>"; };
		C229F6E52B1E4CDA00913CD9 /* LibOfMoviesUI.framework */ = {isa = PBXFileReference; explicitFileType = wrapper.framework; includeInIndex = 0; path = LibOfMoviesUI.framework; sourceTree = BUILT_PRODUCTS_DIR; };
		C229F6E72B1E4CDA00913CD9 /* LibOfMoviesUI.h */ = {isa = PBXFileReference; lastKnownFileType = sourcecode.c.h; path = LibOfMoviesUI.h; sourceTree = "<group>"; };
		C229F6E82B1E4CDA00913CD9 /* LibOfMoviesUI.docc */ = {isa = PBXFileReference; lastKnownFileType = folder.documentationcatalog; path = LibOfMoviesUI.docc; sourceTree = "<group>"; };
		C229F6F42B1E4D0B00913CD9 /* UIView+Ext.swift */ = {isa = PBXFileReference; lastKnownFileType = sourcecode.swift; path = "UIView+Ext.swift"; sourceTree = "<group>"; };
		C229F6F72B1E4E1000913CD9 /* LibOfMoviesSize.swift */ = {isa = PBXFileReference; lastKnownFileType = sourcecode.swift; path = LibOfMoviesSize.swift; sourceTree = "<group>"; };
		C229F6FA2B1E4EC600913CD9 /* LibOfMoviesCollectionViewFlowLayout.swift */ = {isa = PBXFileReference; lastKnownFileType = sourcecode.swift; path = LibOfMoviesCollectionViewFlowLayout.swift; sourceTree = "<group>"; };
		C229F6FC2B1E4F4C00913CD9 /* MainCollectionViewCell.swift */ = {isa = PBXFileReference; lastKnownFileType = sourcecode.swift; path = MainCollectionViewCell.swift; sourceTree = "<group>"; };
		C229F7032B1E4FC200913CD9 /* LibOfMoviesNetwork.framework */ = {isa = PBXFileReference; explicitFileType = wrapper.framework; includeInIndex = 0; path = LibOfMoviesNetwork.framework; sourceTree = BUILT_PRODUCTS_DIR; };
		C229F7052B1E4FC200913CD9 /* LibOfMoviesNetwork.h */ = {isa = PBXFileReference; lastKnownFileType = sourcecode.c.h; path = LibOfMoviesNetwork.h; sourceTree = "<group>"; };
		C229F7062B1E4FC200913CD9 /* LibOfMoviesNetwork.docc */ = {isa = PBXFileReference; lastKnownFileType = folder.documentationcatalog; path = LibOfMoviesNetwork.docc; sourceTree = "<group>"; };
		C229F7112B1E503B00913CD9 /* URLFactory.swift */ = {isa = PBXFileReference; lastKnownFileType = sourcecode.swift; path = URLFactory.swift; sourceTree = "<group>"; };
		C229F7132B1E51A000913CD9 /* ResponderType.swift */ = {isa = PBXFileReference; lastKnownFileType = sourcecode.swift; path = ResponderType.swift; sourceTree = "<group>"; };
		C229F7162B1E58B300913CD9 /* NetworkManager.swift */ = {isa = PBXFileReference; lastKnownFileType = sourcecode.swift; path = NetworkManager.swift; sourceTree = "<group>"; };
		C229F7192B1E5A6F00913CD9 /* MovieDTO.swift */ = {isa = PBXFileReference; lastKnownFileType = sourcecode.swift; path = MovieDTO.swift; sourceTree = "<group>"; };
		C229F71B2B1E5C9C00913CD9 /* ResultsDTO.swift */ = {isa = PBXFileReference; lastKnownFileType = sourcecode.swift; path = ResultsDTO.swift; sourceTree = "<group>"; };
		C229F71E2B1E5FF400913CD9 /* URLSession+Ext.swift */ = {isa = PBXFileReference; lastKnownFileType = sourcecode.swift; path = "URLSession+Ext.swift"; sourceTree = "<group>"; };
		C229F7222B1E64A000913CD9 /* MovieStrategy.swift */ = {isa = PBXFileReference; lastKnownFileType = sourcecode.swift; path = MovieStrategy.swift; sourceTree = "<group>"; };
		C229F7242B1E64D700913CD9 /* BaseMovieStrategy.swift */ = {isa = PBXFileReference; lastKnownFileType = sourcecode.swift; path = BaseMovieStrategy.swift; sourceTree = "<group>"; };
		C229F7272B1E657400913CD9 /* Movie.swift */ = {isa = PBXFileReference; lastKnownFileType = sourcecode.swift; path = Movie.swift; sourceTree = "<group>"; };
		C229F7292B1E671C00913CD9 /* MovieDTO+Ext.swift */ = {isa = PBXFileReference; lastKnownFileType = sourcecode.swift; path = "MovieDTO+Ext.swift"; sourceTree = "<group>"; };
		C229F72B2B1E6B0200913CD9 /* UIImageView+Ext.swift */ = {isa = PBXFileReference; lastKnownFileType = sourcecode.swift; path = "UIImageView+Ext.swift"; sourceTree = "<group>"; };
		C229F72D2B1E6BAB00913CD9 /* UIFont+Ext.swift */ = {isa = PBXFileReference; lastKnownFileType = sourcecode.swift; path = "UIFont+Ext.swift"; sourceTree = "<group>"; };
		C2B211E82B1F10480080F26F /* LibOfMoviesPersistence.framework */ = {isa = PBXFileReference; explicitFileType = wrapper.framework; includeInIndex = 0; path = LibOfMoviesPersistence.framework; sourceTree = BUILT_PRODUCTS_DIR; };
		C2B211EA2B1F10480080F26F /* LibOfMoviesPersistence.h */ = {isa = PBXFileReference; lastKnownFileType = sourcecode.c.h; path = LibOfMoviesPersistence.h; sourceTree = "<group>"; };
		C2B211EB2B1F10480080F26F /* LibOfMoviesPersistence.docc */ = {isa = PBXFileReference; lastKnownFileType = folder.documentationcatalog; path = LibOfMoviesPersistence.docc; sourceTree = "<group>"; };
		C2B212002B1F14690080F26F /* MoviePOCO.swift */ = {isa = PBXFileReference; lastKnownFileType = sourcecode.swift; path = MoviePOCO.swift; sourceTree = "<group>"; };
		C2B212032B1F14DC0080F26F /* FavouritesCaretaker.swift */ = {isa = PBXFileReference; lastKnownFileType = sourcecode.swift; path = FavouritesCaretaker.swift; sourceTree = "<group>"; };
		C2B212052B1F16140080F26F /* MoviePOCO+Ext.swift */ = {isa = PBXFileReference; lastKnownFileType = sourcecode.swift; path = "MoviePOCO+Ext.swift"; sourceTree = "<group>"; };
		C2B212082B1F6D230080F26F /* DetailsNavigation.swift */ = {isa = PBXFileReference; lastKnownFileType = sourcecode.swift; path = DetailsNavigation.swift; sourceTree = "<group>"; };
		C2B2120C2B1F6E2D0080F26F /* DetailsViewController.swift */ = {isa = PBXFileReference; lastKnownFileType = sourcecode.swift; path = DetailsViewController.swift; sourceTree = "<group>"; };
		C2B2120F2B1F9CFC0080F26F /* DetailsViewModel.swift */ = {isa = PBXFileReference; lastKnownFileType = sourcecode.swift; path = DetailsViewModel.swift; sourceTree = "<group>"; };
/* End PBXFileReference section */

/* Begin PBXFrameworksBuildPhase section */
		C229F6AF2B1E3C6700913CD9 /* Frameworks */ = {
			isa = PBXFrameworksBuildPhase;
			buildActionMask = 2147483647;
			files = (
				C2B211F02B1F10480080F26F /* LibOfMoviesPersistence.framework in Frameworks */,
				C229F6ED2B1E4CDA00913CD9 /* LibOfMoviesUI.framework in Frameworks */,
				C2B211F72B1F13490080F26F /* Realm in Frameworks */,
				C2B211F92B1F13490080F26F /* RealmSwift in Frameworks */,
				C229F70B2B1E4FC200913CD9 /* LibOfMoviesNetwork.framework in Frameworks */,
			);
			runOnlyForDeploymentPostprocessing = 0;
		};
		C229F6E22B1E4CDA00913CD9 /* Frameworks */ = {
			isa = PBXFrameworksBuildPhase;
			buildActionMask = 2147483647;
			files = (
			);
			runOnlyForDeploymentPostprocessing = 0;
		};
		C229F7002B1E4FC200913CD9 /* Frameworks */ = {
			isa = PBXFrameworksBuildPhase;
			buildActionMask = 2147483647;
			files = (
			);
			runOnlyForDeploymentPostprocessing = 0;
		};
		C2B211E52B1F10480080F26F /* Frameworks */ = {
			isa = PBXFrameworksBuildPhase;
			buildActionMask = 2147483647;
			files = (
				C2B211FE2B1F13610080F26F /* RealmSwift in Frameworks */,
				C2B211FC2B1F135A0080F26F /* Realm in Frameworks */,
			);
			runOnlyForDeploymentPostprocessing = 0;
		};
/* End PBXFrameworksBuildPhase section */

/* Begin PBXGroup section */
		C229F6A92B1E3C6700913CD9 = {
			isa = PBXGroup;
			children = (
				C229F6B42B1E3C6700913CD9 /* LibOfMovies */,
				C229F6E62B1E4CDA00913CD9 /* LibOfMoviesUI */,
				C229F7042B1E4FC200913CD9 /* LibOfMoviesNetwork */,
				C2B211E92B1F10480080F26F /* LibOfMoviesPersistence */,
				C229F6B32B1E3C6700913CD9 /* Products */,
				C2B211FA2B1F135A0080F26F /* Frameworks */,
			);
			sourceTree = "<group>";
		};
		C229F6B32B1E3C6700913CD9 /* Products */ = {
			isa = PBXGroup;
			children = (
				C229F6B22B1E3C6700913CD9 /* LibOfMovies.app */,
				C229F6E52B1E4CDA00913CD9 /* LibOfMoviesUI.framework */,
				C229F7032B1E4FC200913CD9 /* LibOfMoviesNetwork.framework */,
				C2B211E82B1F10480080F26F /* LibOfMoviesPersistence.framework */,
			);
			name = Products;
			sourceTree = "<group>";
		};
		C229F6B42B1E3C6700913CD9 /* LibOfMovies */ = {
			isa = PBXGroup;
			children = (
				C229F6DD2B1E49E000913CD9 /* Extensions */,
				C229F6D62B1E460F00913CD9 /* Navigation */,
				C229F6CB2B1E3CFF00913CD9 /* Resources */,
				C229F6CA2B1E3CDE00913CD9 /* Assets */,
				C229F6C92B1E3CC500913CD9 /* AppDelegate */,
				C229F6CC2B1E41CA00913CD9 /* Modules */,
			);
			path = LibOfMovies;
			sourceTree = "<group>";
		};
		C229F6C92B1E3CC500913CD9 /* AppDelegate */ = {
			isa = PBXGroup;
			children = (
				C229F6B52B1E3C6700913CD9 /* AppDelegate.swift */,
				C229F6B72B1E3C6700913CD9 /* SceneDelegate.swift */,
			);
			path = AppDelegate;
			sourceTree = "<group>";
		};
		C229F6CA2B1E3CDE00913CD9 /* Assets */ = {
			isa = PBXGroup;
			children = (
				C229F6BE2B1E3C6C00913CD9 /* Assets.xcassets */,
			);
			path = Assets;
			sourceTree = "<group>";
		};
		C229F6CB2B1E3CFF00913CD9 /* Resources */ = {
			isa = PBXGroup;
			children = (
				C229F6C02B1E3C6C00913CD9 /* LaunchScreen.storyboard */,
				C229F6C32B1E3C6C00913CD9 /* Info.plist */,
				C229F6D52B1E45C900913CD9 /* Localizable.strings */,
			);
			path = Resources;
			sourceTree = "<group>";
		};
		C229F6CC2B1E41CA00913CD9 /* Modules */ = {
			isa = PBXGroup;
			children = (
				C229F7202B1E647200913CD9 /* Strategies */,
				C229F6CD2B1E420200913CD9 /* Main */,
				C2B2120A2B1F6DE50080F26F /* Details */,
			);
			path = Modules;
			sourceTree = "<group>";
		};
		C229F6CD2B1E420200913CD9 /* Main */ = {
			isa = PBXGroup;
			children = (
				C229F6CE2B1E423300913CD9 /* View */,
				C229F6DA2B1E47D200913CD9 /* ViewModel */,
			);
			path = Main;
			sourceTree = "<group>";
		};
		C229F6CE2B1E423300913CD9 /* View */ = {
			isa = PBXGroup;
			children = (
				C229F6CF2B1E425600913CD9 /* MainViewController.swift */,
				C229F6FC2B1E4F4C00913CD9 /* MainCollectionViewCell.swift */,
			);
			path = View;
			sourceTree = "<group>";
		};
		C229F6D62B1E460F00913CD9 /* Navigation */ = {
			isa = PBXGroup;
			children = (
				C2B212072B1F6D060080F26F /* DetailsNavigation */,
				C229F6D72B1E462200913CD9 /* NavigationRouter */,
			);
			path = Navigation;
			sourceTree = "<group>";
		};
		C229F6D72B1E462200913CD9 /* NavigationRouter */ = {
			isa = PBXGroup;
			children = (
				C229F6D82B1E464C00913CD9 /* NavigationRouter.swift */,
			);
			path = NavigationRouter;
			sourceTree = "<group>";
		};
		C229F6DA2B1E47D200913CD9 /* ViewModel */ = {
			isa = PBXGroup;
			children = (
				C229F6DB2B1E47F800913CD9 /* MainViewModel.swift */,
			);
			path = ViewModel;
			sourceTree = "<group>";
		};
		C229F6DD2B1E49E000913CD9 /* Extensions */ = {
			isa = PBXGroup;
			children = (
				C229F7292B1E671C00913CD9 /* MovieDTO+Ext.swift */,
				C2B212052B1F16140080F26F /* MoviePOCO+Ext.swift */,
				C229F6DE2B1E49F400913CD9 /* String+Ext.swift */,
				C229F72B2B1E6B0200913CD9 /* UIImageView+Ext.swift */,
			);
			path = Extensions;
			sourceTree = "<group>";
		};
		C229F6E62B1E4CDA00913CD9 /* LibOfMoviesUI */ = {
			isa = PBXGroup;
			children = (
				C229F6F92B1E4E8700913CD9 /* LibOfMoviesCollectionViewFlowLayout */,
				C229F6F62B1E4DE800913CD9 /* LibOfMoviesSize */,
				C229F6F32B1E4CEC00913CD9 /* Extensions */,
				C229F6E72B1E4CDA00913CD9 /* LibOfMoviesUI.h */,
				C229F6E82B1E4CDA00913CD9 /* LibOfMoviesUI.docc */,
			);
			path = LibOfMoviesUI;
			sourceTree = "<group>";
		};
		C229F6F32B1E4CEC00913CD9 /* Extensions */ = {
			isa = PBXGroup;
			children = (
				C229F6F42B1E4D0B00913CD9 /* UIView+Ext.swift */,
				C229F72D2B1E6BAB00913CD9 /* UIFont+Ext.swift */,
			);
			path = Extensions;
			sourceTree = "<group>";
		};
		C229F6F62B1E4DE800913CD9 /* LibOfMoviesSize */ = {
			isa = PBXGroup;
			children = (
				C229F6F72B1E4E1000913CD9 /* LibOfMoviesSize.swift */,
			);
			path = LibOfMoviesSize;
			sourceTree = "<group>";
		};
		C229F6F92B1E4E8700913CD9 /* LibOfMoviesCollectionViewFlowLayout */ = {
			isa = PBXGroup;
			children = (
				C229F6FA2B1E4EC600913CD9 /* LibOfMoviesCollectionViewFlowLayout.swift */,
			);
			path = LibOfMoviesCollectionViewFlowLayout;
			sourceTree = "<group>";
		};
		C229F7042B1E4FC200913CD9 /* LibOfMoviesNetwork */ = {
			isa = PBXGroup;
			children = (
				C229F71D2B1E5FDA00913CD9 /* Extensions */,
				C229F7182B1E5A5B00913CD9 /* DTOs */,
				C229F7152B1E589300913CD9 /* NetworkManager */,
				C229F7102B1E4FFC00913CD9 /* URLFactory */,
				C229F7052B1E4FC200913CD9 /* LibOfMoviesNetwork.h */,
				C229F7062B1E4FC200913CD9 /* LibOfMoviesNetwork.docc */,
			);
			path = LibOfMoviesNetwork;
			sourceTree = "<group>";
		};
		C229F7102B1E4FFC00913CD9 /* URLFactory */ = {
			isa = PBXGroup;
			children = (
				C229F7112B1E503B00913CD9 /* URLFactory.swift */,
				C229F7132B1E51A000913CD9 /* ResponderType.swift */,
			);
			path = URLFactory;
			sourceTree = "<group>";
		};
		C229F7152B1E589300913CD9 /* NetworkManager */ = {
			isa = PBXGroup;
			children = (
				C229F7162B1E58B300913CD9 /* NetworkManager.swift */,
			);
			path = NetworkManager;
			sourceTree = "<group>";
		};
		C229F7182B1E5A5B00913CD9 /* DTOs */ = {
			isa = PBXGroup;
			children = (
				C229F7192B1E5A6F00913CD9 /* MovieDTO.swift */,
				C229F71B2B1E5C9C00913CD9 /* ResultsDTO.swift */,
			);
			path = DTOs;
			sourceTree = "<group>";
		};
		C229F71D2B1E5FDA00913CD9 /* Extensions */ = {
			isa = PBXGroup;
			children = (
				C229F71E2B1E5FF400913CD9 /* URLSession+Ext.swift */,
			);
			path = Extensions;
			sourceTree = "<group>";
		};
		C229F7202B1E647200913CD9 /* Strategies */ = {
			isa = PBXGroup;
			children = (
				C229F7262B1E656200913CD9 /* Models */,
				C229F7212B1E647F00913CD9 /* MovieStrategy */,
			);
			path = Strategies;
			sourceTree = "<group>";
		};
		C229F7212B1E647F00913CD9 /* MovieStrategy */ = {
			isa = PBXGroup;
			children = (
				C229F7222B1E64A000913CD9 /* MovieStrategy.swift */,
				C229F7242B1E64D700913CD9 /* BaseMovieStrategy.swift */,
			);
			path = MovieStrategy;
			sourceTree = "<group>";
		};
		C229F7262B1E656200913CD9 /* Models */ = {
			isa = PBXGroup;
			children = (
				C229F7272B1E657400913CD9 /* Movie.swift */,
			);
			path = Models;
			sourceTree = "<group>";
		};
		C2B211E92B1F10480080F26F /* LibOfMoviesPersistence */ = {
			isa = PBXGroup;
			children = (
				C2B211FF2B1F14520080F26F /* POCOs */,
				C2B212022B1F14A50080F26F /* FavouritesCaretaker */,
				C2B211EA2B1F10480080F26F /* LibOfMoviesPersistence.h */,
				C2B211EB2B1F10480080F26F /* LibOfMoviesPersistence.docc */,
			);
			path = LibOfMoviesPersistence;
			sourceTree = "<group>";
		};
		C2B211FA2B1F135A0080F26F /* Frameworks */ = {
			isa = PBXGroup;
			children = (
			);
			name = Frameworks;
			sourceTree = "<group>";
		};
		C2B211FF2B1F14520080F26F /* POCOs */ = {
			isa = PBXGroup;
			children = (
				C2B212002B1F14690080F26F /* MoviePOCO.swift */,
			);
			path = POCOs;
			sourceTree = "<group>";
		};
		C2B212022B1F14A50080F26F /* FavouritesCaretaker */ = {
			isa = PBXGroup;
			children = (
				C2B212032B1F14DC0080F26F /* FavouritesCaretaker.swift */,
			);
			path = FavouritesCaretaker;
			sourceTree = "<group>";
		};
		C2B212072B1F6D060080F26F /* DetailsNavigation */ = {
			isa = PBXGroup;
			children = (
				C2B212082B1F6D230080F26F /* DetailsNavigation.swift */,
			);
			path = DetailsNavigation;
			sourceTree = "<group>";
		};
		C2B2120A2B1F6DE50080F26F /* Details */ = {
			isa = PBXGroup;
			children = (
				C2B2120B2B1F6E0C0080F26F /* View */,
				C2B2120E2B1F9CDC0080F26F /* ViewModel */,
			);
			path = Details;
			sourceTree = "<group>";
		};
		C2B2120B2B1F6E0C0080F26F /* View */ = {
			isa = PBXGroup;
			children = (
				C2B2120C2B1F6E2D0080F26F /* DetailsViewController.swift */,
			);
			path = View;
			sourceTree = "<group>";
		};
		C2B2120E2B1F9CDC0080F26F /* ViewModel */ = {
			isa = PBXGroup;
			children = (
				C2B2120F2B1F9CFC0080F26F /* DetailsViewModel.swift */,
			);
			path = ViewModel;
			sourceTree = "<group>";
		};
/* End PBXGroup section */

/* Begin PBXHeadersBuildPhase section */
		C229F6E02B1E4CDA00913CD9 /* Headers */ = {
			isa = PBXHeadersBuildPhase;
			buildActionMask = 2147483647;
			files = (
				C229F6EA2B1E4CDA00913CD9 /* LibOfMoviesUI.h in Headers */,
			);
			runOnlyForDeploymentPostprocessing = 0;
		};
		C229F6FE2B1E4FC200913CD9 /* Headers */ = {
			isa = PBXHeadersBuildPhase;
			buildActionMask = 2147483647;
			files = (
				C229F7082B1E4FC200913CD9 /* LibOfMoviesNetwork.h in Headers */,
			);
			runOnlyForDeploymentPostprocessing = 0;
		};
		C2B211E32B1F10480080F26F /* Headers */ = {
			isa = PBXHeadersBuildPhase;
			buildActionMask = 2147483647;
			files = (
				C2B211ED2B1F10480080F26F /* LibOfMoviesPersistence.h in Headers */,
			);
			runOnlyForDeploymentPostprocessing = 0;
		};
/* End PBXHeadersBuildPhase section */

/* Begin PBXNativeTarget section */
		C229F6B12B1E3C6700913CD9 /* LibOfMovies */ = {
			isa = PBXNativeTarget;
			buildConfigurationList = C229F6C62B1E3C6C00913CD9 /* Build configuration list for PBXNativeTarget "LibOfMovies" */;
			buildPhases = (
				C229F6AE2B1E3C6700913CD9 /* Sources */,
				C229F6AF2B1E3C6700913CD9 /* Frameworks */,
				C229F6B02B1E3C6700913CD9 /* Resources */,
				C229F6F22B1E4CDA00913CD9 /* Embed Frameworks */,
			);
			buildRules = (
			);
			dependencies = (
				C229F6EC2B1E4CDA00913CD9 /* PBXTargetDependency */,
				C229F70A2B1E4FC200913CD9 /* PBXTargetDependency */,
				C2B211EF2B1F10480080F26F /* PBXTargetDependency */,
			);
			name = LibOfMovies;
			packageProductDependencies = (
				C2B211F62B1F13490080F26F /* Realm */,
				C2B211F82B1F13490080F26F /* RealmSwift */,
			);
			productName = LibOfMovies;
			productReference = C229F6B22B1E3C6700913CD9 /* LibOfMovies.app */;
			productType = "com.apple.product-type.application";
		};
		C229F6E42B1E4CDA00913CD9 /* LibOfMoviesUI */ = {
			isa = PBXNativeTarget;
			buildConfigurationList = C229F6EF2B1E4CDA00913CD9 /* Build configuration list for PBXNativeTarget "LibOfMoviesUI" */;
			buildPhases = (
				C229F6E02B1E4CDA00913CD9 /* Headers */,
				C229F6E12B1E4CDA00913CD9 /* Sources */,
				C229F6E22B1E4CDA00913CD9 /* Frameworks */,
				C229F6E32B1E4CDA00913CD9 /* Resources */,
			);
			buildRules = (
			);
			dependencies = (
			);
			name = LibOfMoviesUI;
			productName = LibOfMoviesUI;
			productReference = C229F6E52B1E4CDA00913CD9 /* LibOfMoviesUI.framework */;
			productType = "com.apple.product-type.framework";
		};
		C229F7022B1E4FC200913CD9 /* LibOfMoviesNetwork */ = {
			isa = PBXNativeTarget;
			buildConfigurationList = C229F70D2B1E4FC200913CD9 /* Build configuration list for PBXNativeTarget "LibOfMoviesNetwork" */;
			buildPhases = (
				C229F6FE2B1E4FC200913CD9 /* Headers */,
				C229F6FF2B1E4FC200913CD9 /* Sources */,
				C229F7002B1E4FC200913CD9 /* Frameworks */,
				C229F7012B1E4FC200913CD9 /* Resources */,
			);
			buildRules = (
			);
			dependencies = (
			);
			name = LibOfMoviesNetwork;
			productName = LibOfMoviesNetwork;
			productReference = C229F7032B1E4FC200913CD9 /* LibOfMoviesNetwork.framework */;
			productType = "com.apple.product-type.framework";
		};
		C2B211E72B1F10480080F26F /* LibOfMoviesPersistence */ = {
			isa = PBXNativeTarget;
			buildConfigurationList = C2B211F42B1F10480080F26F /* Build configuration list for PBXNativeTarget "LibOfMoviesPersistence" */;
			buildPhases = (
				C2B211E32B1F10480080F26F /* Headers */,
				C2B211E42B1F10480080F26F /* Sources */,
				C2B211E52B1F10480080F26F /* Frameworks */,
				C2B211E62B1F10480080F26F /* Resources */,
			);
			buildRules = (
			);
			dependencies = (
			);
			name = LibOfMoviesPersistence;
			packageProductDependencies = (
				C2B211FB2B1F135A0080F26F /* Realm */,
				C2B211FD2B1F13610080F26F /* RealmSwift */,
			);
			productName = LibOfMoviesPersistence;
			productReference = C2B211E82B1F10480080F26F /* LibOfMoviesPersistence.framework */;
			productType = "com.apple.product-type.framework";
		};
/* End PBXNativeTarget section */

/* Begin PBXProject section */
		C229F6AA2B1E3C6700913CD9 /* Project object */ = {
			isa = PBXProject;
			attributes = {
				BuildIndependentTargetsInParallel = 1;
				LastSwiftUpdateCheck = 1340;
				LastUpgradeCheck = 1340;
				TargetAttributes = {
					C229F6B12B1E3C6700913CD9 = {
						CreatedOnToolsVersion = 13.4.1;
					};
					C229F6E42B1E4CDA00913CD9 = {
						CreatedOnToolsVersion = 13.4.1;
					};
					C229F7022B1E4FC200913CD9 = {
						CreatedOnToolsVersion = 13.4.1;
					};
					C2B211E72B1F10480080F26F = {
						CreatedOnToolsVersion = 13.4.1;
					};
				};
			};
			buildConfigurationList = C229F6AD2B1E3C6700913CD9 /* Build configuration list for PBXProject "LibOfMovies" */;
			compatibilityVersion = "Xcode 13.0";
			developmentRegion = en;
			hasScannedForEncodings = 0;
			knownRegions = (
				en,
				Base,
			);
			mainGroup = C229F6A92B1E3C6700913CD9;
			packageReferences = (
				C2B211F52B1F13490080F26F /* XCRemoteSwiftPackageReference "realm-swift" */,
			);
			productRefGroup = C229F6B32B1E3C6700913CD9 /* Products */;
			projectDirPath = "";
			projectRoot = "";
			targets = (
				C229F6B12B1E3C6700913CD9 /* LibOfMovies */,
				C229F6E42B1E4CDA00913CD9 /* LibOfMoviesUI */,
				C229F7022B1E4FC200913CD9 /* LibOfMoviesNetwork */,
				C2B211E72B1F10480080F26F /* LibOfMoviesPersistence */,
			);
		};
/* End PBXProject section */

/* Begin PBXResourcesBuildPhase section */
		C229F6B02B1E3C6700913CD9 /* Resources */ = {
			isa = PBXResourcesBuildPhase;
			buildActionMask = 2147483647;
			files = (
				C229F6C22B1E3C6C00913CD9 /* LaunchScreen.storyboard in Resources */,
				C229F6D32B1E45C900913CD9 /* Localizable.strings in Resources */,
				C229F6BF2B1E3C6C00913CD9 /* Assets.xcassets in Resources */,
			);
			runOnlyForDeploymentPostprocessing = 0;
		};
		C229F6E32B1E4CDA00913CD9 /* Resources */ = {
			isa = PBXResourcesBuildPhase;
			buildActionMask = 2147483647;
			files = (
			);
			runOnlyForDeploymentPostprocessing = 0;
		};
		C229F7012B1E4FC200913CD9 /* Resources */ = {
			isa = PBXResourcesBuildPhase;
			buildActionMask = 2147483647;
			files = (
			);
			runOnlyForDeploymentPostprocessing = 0;
		};
		C2B211E62B1F10480080F26F /* Resources */ = {
			isa = PBXResourcesBuildPhase;
			buildActionMask = 2147483647;
			files = (
			);
			runOnlyForDeploymentPostprocessing = 0;
		};
/* End PBXResourcesBuildPhase section */

/* Begin PBXSourcesBuildPhase section */
		C229F6AE2B1E3C6700913CD9 /* Sources */ = {
			isa = PBXSourcesBuildPhase;
			buildActionMask = 2147483647;
			files = (
				C229F72C2B1E6B0200913CD9 /* UIImageView+Ext.swift in Sources */,
				C229F6FD2B1E4F4C00913CD9 /* MainCollectionViewCell.swift in Sources */,
				C229F7232B1E64A000913CD9 /* MovieStrategy.swift in Sources */,
				C2B212102B1F9CFC0080F26F /* DetailsViewModel.swift in Sources */,
				C229F6DF2B1E49F400913CD9 /* String+Ext.swift in Sources */,
				C2B212062B1F16140080F26F /* MoviePOCO+Ext.swift in Sources */,
				C229F6DC2B1E47F800913CD9 /* MainViewModel.swift in Sources */,
				C229F7282B1E657400913CD9 /* Movie.swift in Sources */,
				C229F72A2B1E671C00913CD9 /* MovieDTO+Ext.swift in Sources */,
				C229F7252B1E64D700913CD9 /* BaseMovieStrategy.swift in Sources */,
				C229F6D02B1E425600913CD9 /* MainViewController.swift in Sources */,
				C2B212092B1F6D230080F26F /* DetailsNavigation.swift in Sources */,
				C229F6B62B1E3C6700913CD9 /* AppDelegate.swift in Sources */,
				C229F6D92B1E464C00913CD9 /* NavigationRouter.swift in Sources */,
				C229F6B82B1E3C6700913CD9 /* SceneDelegate.swift in Sources */,
				C2B2120D2B1F6E2D0080F26F /* DetailsViewController.swift in Sources */,
			);
			runOnlyForDeploymentPostprocessing = 0;
		};
		C229F6E12B1E4CDA00913CD9 /* Sources */ = {
			isa = PBXSourcesBuildPhase;
			buildActionMask = 2147483647;
			files = (
				C229F6FB2B1E4EC600913CD9 /* LibOfMoviesCollectionViewFlowLayout.swift in Sources */,
				C229F6F82B1E4E1000913CD9 /* LibOfMoviesSize.swift in Sources */,
				C229F6F52B1E4D0B00913CD9 /* UIView+Ext.swift in Sources */,
				C229F6E92B1E4CDA00913CD9 /* LibOfMoviesUI.docc in Sources */,
				C229F72E2B1E6BAB00913CD9 /* UIFont+Ext.swift in Sources */,
			);
			runOnlyForDeploymentPostprocessing = 0;
		};
		C229F6FF2B1E4FC200913CD9 /* Sources */ = {
			isa = PBXSourcesBuildPhase;
			buildActionMask = 2147483647;
			files = (
				C229F7172B1E58B300913CD9 /* NetworkManager.swift in Sources */,
				C229F71A2B1E5A6F00913CD9 /* MovieDTO.swift in Sources */,
				C229F7142B1E51A000913CD9 /* ResponderType.swift in Sources */,
				C229F7122B1E503B00913CD9 /* URLFactory.swift in Sources */,
				C229F71F2B1E5FF400913CD9 /* URLSession+Ext.swift in Sources */,
				C229F71C2B1E5C9C00913CD9 /* ResultsDTO.swift in Sources */,
				C229F7072B1E4FC200913CD9 /* LibOfMoviesNetwork.docc in Sources */,
			);
			runOnlyForDeploymentPostprocessing = 0;
		};
		C2B211E42B1F10480080F26F /* Sources */ = {
			isa = PBXSourcesBuildPhase;
			buildActionMask = 2147483647;
			files = (
				C2B211EC2B1F10480080F26F /* LibOfMoviesPersistence.docc in Sources */,
				C2B212012B1F14690080F26F /* MoviePOCO.swift in Sources */,
				C2B212042B1F14DC0080F26F /* FavouritesCaretaker.swift in Sources */,
			);
			runOnlyForDeploymentPostprocessing = 0;
		};
/* End PBXSourcesBuildPhase section */

/* Begin PBXTargetDependency section */
		C229F6EC2B1E4CDA00913CD9 /* PBXTargetDependency */ = {
			isa = PBXTargetDependency;
			target = C229F6E42B1E4CDA00913CD9 /* LibOfMoviesUI */;
			targetProxy = C229F6EB2B1E4CDA00913CD9 /* PBXContainerItemProxy */;
		};
		C229F70A2B1E4FC200913CD9 /* PBXTargetDependency */ = {
			isa = PBXTargetDependency;
			target = C229F7022B1E4FC200913CD9 /* LibOfMoviesNetwork */;
			targetProxy = C229F7092B1E4FC200913CD9 /* PBXContainerItemProxy */;
		};
		C2B211EF2B1F10480080F26F /* PBXTargetDependency */ = {
			isa = PBXTargetDependency;
			target = C2B211E72B1F10480080F26F /* LibOfMoviesPersistence */;
			targetProxy = C2B211EE2B1F10480080F26F /* PBXContainerItemProxy */;
		};
/* End PBXTargetDependency section */

/* Begin PBXVariantGroup section */
		C229F6C02B1E3C6C00913CD9 /* LaunchScreen.storyboard */ = {
			isa = PBXVariantGroup;
			children = (
				C229F6C12B1E3C6C00913CD9 /* Base */,
			);
			name = LaunchScreen.storyboard;
			sourceTree = "<group>";
		};
		C229F6D52B1E45C900913CD9 /* Localizable.strings */ = {
			isa = PBXVariantGroup;
			children = (
				C229F6D42B1E45C900913CD9 /* en */,
			);
			name = Localizable.strings;
			sourceTree = "<group>";
		};
/* End PBXVariantGroup section */

/* Begin XCBuildConfiguration section */
		C229F6C42B1E3C6C00913CD9 /* Debug */ = {
			isa = XCBuildConfiguration;
			buildSettings = {
				ALWAYS_SEARCH_USER_PATHS = NO;
				CLANG_ANALYZER_NONNULL = YES;
				CLANG_ANALYZER_NUMBER_OBJECT_CONVERSION = YES_AGGRESSIVE;
				CLANG_CXX_LANGUAGE_STANDARD = "gnu++17";
				CLANG_ENABLE_MODULES = YES;
				CLANG_ENABLE_OBJC_ARC = YES;
				CLANG_ENABLE_OBJC_WEAK = YES;
				CLANG_WARN_BLOCK_CAPTURE_AUTORELEASING = YES;
				CLANG_WARN_BOOL_CONVERSION = YES;
				CLANG_WARN_COMMA = YES;
				CLANG_WARN_CONSTANT_CONVERSION = YES;
				CLANG_WARN_DEPRECATED_OBJC_IMPLEMENTATIONS = YES;
				CLANG_WARN_DIRECT_OBJC_ISA_USAGE = YES_ERROR;
				CLANG_WARN_DOCUMENTATION_COMMENTS = YES;
				CLANG_WARN_EMPTY_BODY = YES;
				CLANG_WARN_ENUM_CONVERSION = YES;
				CLANG_WARN_INFINITE_RECURSION = YES;
				CLANG_WARN_INT_CONVERSION = YES;
				CLANG_WARN_NON_LITERAL_NULL_CONVERSION = YES;
				CLANG_WARN_OBJC_IMPLICIT_RETAIN_SELF = YES;
				CLANG_WARN_OBJC_LITERAL_CONVERSION = YES;
				CLANG_WARN_OBJC_ROOT_CLASS = YES_ERROR;
				CLANG_WARN_QUOTED_INCLUDE_IN_FRAMEWORK_HEADER = YES;
				CLANG_WARN_RANGE_LOOP_ANALYSIS = YES;
				CLANG_WARN_STRICT_PROTOTYPES = YES;
				CLANG_WARN_SUSPICIOUS_MOVE = YES;
				CLANG_WARN_UNGUARDED_AVAILABILITY = YES_AGGRESSIVE;
				CLANG_WARN_UNREACHABLE_CODE = YES;
				CLANG_WARN__DUPLICATE_METHOD_MATCH = YES;
				COPY_PHASE_STRIP = NO;
				DEBUG_INFORMATION_FORMAT = dwarf;
				ENABLE_STRICT_OBJC_MSGSEND = YES;
				ENABLE_TESTABILITY = YES;
				GCC_C_LANGUAGE_STANDARD = gnu11;
				GCC_DYNAMIC_NO_PIC = NO;
				GCC_NO_COMMON_BLOCKS = YES;
				GCC_OPTIMIZATION_LEVEL = 0;
				GCC_PREPROCESSOR_DEFINITIONS = (
					"DEBUG=1",
					"$(inherited)",
				);
				GCC_WARN_64_TO_32_BIT_CONVERSION = YES;
				GCC_WARN_ABOUT_RETURN_TYPE = YES_ERROR;
				GCC_WARN_UNDECLARED_SELECTOR = YES;
				GCC_WARN_UNINITIALIZED_AUTOS = YES_AGGRESSIVE;
				GCC_WARN_UNUSED_FUNCTION = YES;
				GCC_WARN_UNUSED_VARIABLE = YES;
				IPHONEOS_DEPLOYMENT_TARGET = 13.0;
				MTL_ENABLE_DEBUG_INFO = INCLUDE_SOURCE;
				MTL_FAST_MATH = YES;
				ONLY_ACTIVE_ARCH = YES;
				SDKROOT = iphoneos;
				SWIFT_ACTIVE_COMPILATION_CONDITIONS = DEBUG;
				SWIFT_OPTIMIZATION_LEVEL = "-Onone";
			};
			name = Debug;
		};
		C229F6C52B1E3C6C00913CD9 /* Release */ = {
			isa = XCBuildConfiguration;
			buildSettings = {
				ALWAYS_SEARCH_USER_PATHS = NO;
				CLANG_ANALYZER_NONNULL = YES;
				CLANG_ANALYZER_NUMBER_OBJECT_CONVERSION = YES_AGGRESSIVE;
				CLANG_CXX_LANGUAGE_STANDARD = "gnu++17";
				CLANG_ENABLE_MODULES = YES;
				CLANG_ENABLE_OBJC_ARC = YES;
				CLANG_ENABLE_OBJC_WEAK = YES;
				CLANG_WARN_BLOCK_CAPTURE_AUTORELEASING = YES;
				CLANG_WARN_BOOL_CONVERSION = YES;
				CLANG_WARN_COMMA = YES;
				CLANG_WARN_CONSTANT_CONVERSION = YES;
				CLANG_WARN_DEPRECATED_OBJC_IMPLEMENTATIONS = YES;
				CLANG_WARN_DIRECT_OBJC_ISA_USAGE = YES_ERROR;
				CLANG_WARN_DOCUMENTATION_COMMENTS = YES;
				CLANG_WARN_EMPTY_BODY = YES;
				CLANG_WARN_ENUM_CONVERSION = YES;
				CLANG_WARN_INFINITE_RECURSION = YES;
				CLANG_WARN_INT_CONVERSION = YES;
				CLANG_WARN_NON_LITERAL_NULL_CONVERSION = YES;
				CLANG_WARN_OBJC_IMPLICIT_RETAIN_SELF = YES;
				CLANG_WARN_OBJC_LITERAL_CONVERSION = YES;
				CLANG_WARN_OBJC_ROOT_CLASS = YES_ERROR;
				CLANG_WARN_QUOTED_INCLUDE_IN_FRAMEWORK_HEADER = YES;
				CLANG_WARN_RANGE_LOOP_ANALYSIS = YES;
				CLANG_WARN_STRICT_PROTOTYPES = YES;
				CLANG_WARN_SUSPICIOUS_MOVE = YES;
				CLANG_WARN_UNGUARDED_AVAILABILITY = YES_AGGRESSIVE;
				CLANG_WARN_UNREACHABLE_CODE = YES;
				CLANG_WARN__DUPLICATE_METHOD_MATCH = YES;
				COPY_PHASE_STRIP = NO;
				DEBUG_INFORMATION_FORMAT = "dwarf-with-dsym";
				ENABLE_NS_ASSERTIONS = NO;
				ENABLE_STRICT_OBJC_MSGSEND = YES;
				GCC_C_LANGUAGE_STANDARD = gnu11;
				GCC_NO_COMMON_BLOCKS = YES;
				GCC_WARN_64_TO_32_BIT_CONVERSION = YES;
				GCC_WARN_ABOUT_RETURN_TYPE = YES_ERROR;
				GCC_WARN_UNDECLARED_SELECTOR = YES;
				GCC_WARN_UNINITIALIZED_AUTOS = YES_AGGRESSIVE;
				GCC_WARN_UNUSED_FUNCTION = YES;
				GCC_WARN_UNUSED_VARIABLE = YES;
				IPHONEOS_DEPLOYMENT_TARGET = 13.0;
				MTL_ENABLE_DEBUG_INFO = NO;
				MTL_FAST_MATH = YES;
				SDKROOT = iphoneos;
				SWIFT_COMPILATION_MODE = wholemodule;
				SWIFT_OPTIMIZATION_LEVEL = "-O";
				VALIDATE_PRODUCT = YES;
			};
			name = Release;
		};
		C229F6C72B1E3C6C00913CD9 /* Debug */ = {
			isa = XCBuildConfiguration;
			buildSettings = {
				ALWAYS_EMBED_SWIFT_STANDARD_LIBRARIES = YES;
				ASSETCATALOG_COMPILER_APPICON_NAME = AppIcon;
				ASSETCATALOG_COMPILER_GLOBAL_ACCENT_COLOR_NAME = AccentColor;
				CODE_SIGN_STYLE = Automatic;
				CURRENT_PROJECT_VERSION = 1;
				DEVELOPMENT_TEAM = J4563W7S2E;
				GENERATE_INFOPLIST_FILE = YES;
				INFOPLIST_FILE = LibOfMovies/Resources/Info.plist;
				INFOPLIST_KEY_UIApplicationSupportsIndirectInputEvents = YES;
				INFOPLIST_KEY_UILaunchStoryboardName = LaunchScreen;
				INFOPLIST_KEY_UISupportedInterfaceOrientations = UIInterfaceOrientationPortrait;
				INFOPLIST_KEY_UISupportedInterfaceOrientations_iPad = "UIInterfaceOrientationPortrait UIInterfaceOrientationPortraitUpsideDown UIInterfaceOrientationLandscapeLeft UIInterfaceOrientationLandscapeRight";
				INFOPLIST_KEY_UISupportedInterfaceOrientations_iPhone = "UIInterfaceOrientationPortrait UIInterfaceOrientationLandscapeLeft UIInterfaceOrientationLandscapeRight";
				IPHONEOS_DEPLOYMENT_TARGET = 13.0;
				LD_RUNPATH_SEARCH_PATHS = (
					"$(inherited)",
					"@executable_path/Frameworks",
				);
				MARKETING_VERSION = 1.0;
				PRODUCT_BUNDLE_IDENTIFIER = wojciech.com.LibOfMovies;
				PRODUCT_NAME = "$(TARGET_NAME)";
				SWIFT_EMIT_LOC_STRINGS = YES;
				SWIFT_VERSION = 5.0;
				TARGETED_DEVICE_FAMILY = "1,2";
			};
			name = Debug;
		};
		C229F6C82B1E3C6C00913CD9 /* Release */ = {
			isa = XCBuildConfiguration;
			buildSettings = {
				ALWAYS_EMBED_SWIFT_STANDARD_LIBRARIES = YES;
				ASSETCATALOG_COMPILER_APPICON_NAME = AppIcon;
				ASSETCATALOG_COMPILER_GLOBAL_ACCENT_COLOR_NAME = AccentColor;
				CODE_SIGN_STYLE = Automatic;
				CURRENT_PROJECT_VERSION = 1;
				DEVELOPMENT_TEAM = J4563W7S2E;
				GENERATE_INFOPLIST_FILE = YES;
				INFOPLIST_FILE = LibOfMovies/Resources/Info.plist;
				INFOPLIST_KEY_UIApplicationSupportsIndirectInputEvents = YES;
				INFOPLIST_KEY_UILaunchStoryboardName = LaunchScreen;
				INFOPLIST_KEY_UISupportedInterfaceOrientations = UIInterfaceOrientationPortrait;
				INFOPLIST_KEY_UISupportedInterfaceOrientations_iPad = "UIInterfaceOrientationPortrait UIInterfaceOrientationPortraitUpsideDown UIInterfaceOrientationLandscapeLeft UIInterfaceOrientationLandscapeRight";
				INFOPLIST_KEY_UISupportedInterfaceOrientations_iPhone = "UIInterfaceOrientationPortrait UIInterfaceOrientationLandscapeLeft UIInterfaceOrientationLandscapeRight";
				IPHONEOS_DEPLOYMENT_TARGET = 13.0;
				LD_RUNPATH_SEARCH_PATHS = (
					"$(inherited)",
					"@executable_path/Frameworks",
				);
				MARKETING_VERSION = 1.0;
				PRODUCT_BUNDLE_IDENTIFIER = wojciech.com.LibOfMovies;
				PRODUCT_NAME = "$(TARGET_NAME)";
				SWIFT_EMIT_LOC_STRINGS = YES;
				SWIFT_VERSION = 5.0;
				TARGETED_DEVICE_FAMILY = "1,2";
			};
			name = Release;
		};
		C229F6F02B1E4CDA00913CD9 /* Debug */ = {
			isa = XCBuildConfiguration;
			buildSettings = {
				CODE_SIGN_STYLE = Automatic;
				CURRENT_PROJECT_VERSION = 1;
				DEFINES_MODULE = YES;
				DEVELOPMENT_TEAM = J4563W7S2E;
				DYLIB_COMPATIBILITY_VERSION = 1;
				DYLIB_CURRENT_VERSION = 1;
				DYLIB_INSTALL_NAME_BASE = "@rpath";
				GENERATE_INFOPLIST_FILE = YES;
				INFOPLIST_KEY_NSHumanReadableCopyright = "";
				INSTALL_PATH = "$(LOCAL_LIBRARY_DIR)/Frameworks";
				IPHONEOS_DEPLOYMENT_TARGET = 13.0;
				LD_RUNPATH_SEARCH_PATHS = (
					"$(inherited)",
					"@executable_path/Frameworks",
					"@loader_path/Frameworks",
				);
				MARKETING_VERSION = 1.0;
				PRODUCT_BUNDLE_IDENTIFIER = wojciech.com.LibOfMoviesUI;
				PRODUCT_NAME = "$(TARGET_NAME:c99extidentifier)";
				SKIP_INSTALL = YES;
				SUPPORTS_MACCATALYST = NO;
				SWIFT_EMIT_LOC_STRINGS = YES;
				SWIFT_VERSION = 5.0;
				TARGETED_DEVICE_FAMILY = "1,2";
				VERSIONING_SYSTEM = "apple-generic";
				VERSION_INFO_PREFIX = "";
			};
			name = Debug;
		};
		C229F6F12B1E4CDA00913CD9 /* Release */ = {
			isa = XCBuildConfiguration;
			buildSettings = {
				CODE_SIGN_STYLE = Automatic;
				CURRENT_PROJECT_VERSION = 1;
				DEFINES_MODULE = YES;
				DEVELOPMENT_TEAM = J4563W7S2E;
				DYLIB_COMPATIBILITY_VERSION = 1;
				DYLIB_CURRENT_VERSION = 1;
				DYLIB_INSTALL_NAME_BASE = "@rpath";
				GENERATE_INFOPLIST_FILE = YES;
				INFOPLIST_KEY_NSHumanReadableCopyright = "";
				INSTALL_PATH = "$(LOCAL_LIBRARY_DIR)/Frameworks";
				IPHONEOS_DEPLOYMENT_TARGET = 13.0;
				LD_RUNPATH_SEARCH_PATHS = (
					"$(inherited)",
					"@executable_path/Frameworks",
					"@loader_path/Frameworks",
				);
				MARKETING_VERSION = 1.0;
				PRODUCT_BUNDLE_IDENTIFIER = wojciech.com.LibOfMoviesUI;
				PRODUCT_NAME = "$(TARGET_NAME:c99extidentifier)";
				SKIP_INSTALL = YES;
				SUPPORTS_MACCATALYST = NO;
				SWIFT_EMIT_LOC_STRINGS = YES;
				SWIFT_VERSION = 5.0;
				TARGETED_DEVICE_FAMILY = "1,2";
				VERSIONING_SYSTEM = "apple-generic";
				VERSION_INFO_PREFIX = "";
			};
			name = Release;
		};
		C229F70E2B1E4FC200913CD9 /* Debug */ = {
			isa = XCBuildConfiguration;
			buildSettings = {
				CODE_SIGN_STYLE = Automatic;
				CURRENT_PROJECT_VERSION = 1;
				DEFINES_MODULE = YES;
				DEVELOPMENT_TEAM = J4563W7S2E;
				DYLIB_COMPATIBILITY_VERSION = 1;
				DYLIB_CURRENT_VERSION = 1;
				DYLIB_INSTALL_NAME_BASE = "@rpath";
				GENERATE_INFOPLIST_FILE = YES;
				INFOPLIST_KEY_NSHumanReadableCopyright = "";
				INSTALL_PATH = "$(LOCAL_LIBRARY_DIR)/Frameworks";
				IPHONEOS_DEPLOYMENT_TARGET = 13.0;
				LD_RUNPATH_SEARCH_PATHS = (
					"$(inherited)",
					"@executable_path/Frameworks",
					"@loader_path/Frameworks",
				);
				MARKETING_VERSION = 1.0;
				PRODUCT_BUNDLE_IDENTIFIER = wojciech.com.LibOfMoviesNetwork;
				PRODUCT_NAME = "$(TARGET_NAME:c99extidentifier)";
				SKIP_INSTALL = YES;
				SUPPORTS_MACCATALYST = NO;
				SWIFT_EMIT_LOC_STRINGS = YES;
				SWIFT_VERSION = 5.0;
				TARGETED_DEVICE_FAMILY = "1,2";
				VERSIONING_SYSTEM = "apple-generic";
				VERSION_INFO_PREFIX = "";
			};
			name = Debug;
		};
		C229F70F2B1E4FC200913CD9 /* Release */ = {
			isa = XCBuildConfiguration;
			buildSettings = {
				CODE_SIGN_STYLE = Automatic;
				CURRENT_PROJECT_VERSION = 1;
				DEFINES_MODULE = YES;
				DEVELOPMENT_TEAM = J4563W7S2E;
				DYLIB_COMPATIBILITY_VERSION = 1;
				DYLIB_CURRENT_VERSION = 1;
				DYLIB_INSTALL_NAME_BASE = "@rpath";
				GENERATE_INFOPLIST_FILE = YES;
				INFOPLIST_KEY_NSHumanReadableCopyright = "";
				INSTALL_PATH = "$(LOCAL_LIBRARY_DIR)/Frameworks";
				IPHONEOS_DEPLOYMENT_TARGET = 13.0;
				LD_RUNPATH_SEARCH_PATHS = (
					"$(inherited)",
					"@executable_path/Frameworks",
					"@loader_path/Frameworks",
				);
				MARKETING_VERSION = 1.0;
				PRODUCT_BUNDLE_IDENTIFIER = wojciech.com.LibOfMoviesNetwork;
				PRODUCT_NAME = "$(TARGET_NAME:c99extidentifier)";
				SKIP_INSTALL = YES;
				SUPPORTS_MACCATALYST = NO;
				SWIFT_EMIT_LOC_STRINGS = YES;
				SWIFT_VERSION = 5.0;
				TARGETED_DEVICE_FAMILY = "1,2";
				VERSIONING_SYSTEM = "apple-generic";
				VERSION_INFO_PREFIX = "";
			};
			name = Release;
		};
		C2B211F22B1F10480080F26F /* Debug */ = {
			isa = XCBuildConfiguration;
			buildSettings = {
				CODE_SIGN_STYLE = Automatic;
				CURRENT_PROJECT_VERSION = 1;
				DEFINES_MODULE = YES;
				DEVELOPMENT_TEAM = J4563W7S2E;
				DYLIB_COMPATIBILITY_VERSION = 1;
				DYLIB_CURRENT_VERSION = 1;
				DYLIB_INSTALL_NAME_BASE = "@rpath";
				GENERATE_INFOPLIST_FILE = YES;
				INFOPLIST_KEY_NSHumanReadableCopyright = "";
				INSTALL_PATH = "$(LOCAL_LIBRARY_DIR)/Frameworks";
				IPHONEOS_DEPLOYMENT_TARGET = 13.0;
				LD_RUNPATH_SEARCH_PATHS = (
					"$(inherited)",
					"@executable_path/Frameworks",
					"@loader_path/Frameworks",
				);
				MARKETING_VERSION = 1.0;
				PRODUCT_BUNDLE_IDENTIFIER = wojciech.com.LibOfMoviesPersistence;
				PRODUCT_NAME = "$(TARGET_NAME:c99extidentifier)";
				SKIP_INSTALL = YES;
				SUPPORTS_MACCATALYST = NO;
				SWIFT_EMIT_LOC_STRINGS = YES;
				SWIFT_VERSION = 5.0;
				TARGETED_DEVICE_FAMILY = "1,2";
				VERSIONING_SYSTEM = "apple-generic";
				VERSION_INFO_PREFIX = "";
			};
			name = Debug;
		};
		C2B211F32B1F10480080F26F /* Release */ = {
			isa = XCBuildConfiguration;
			buildSettings = {
				CODE_SIGN_STYLE = Automatic;
				CURRENT_PROJECT_VERSION = 1;
				DEFINES_MODULE = YES;
				DEVELOPMENT_TEAM = J4563W7S2E;
				DYLIB_COMPATIBILITY_VERSION = 1;
				DYLIB_CURRENT_VERSION = 1;
				DYLIB_INSTALL_NAME_BASE = "@rpath";
				GENERATE_INFOPLIST_FILE = YES;
				INFOPLIST_KEY_NSHumanReadableCopyright = "";
				INSTALL_PATH = "$(LOCAL_LIBRARY_DIR)/Frameworks";
				IPHONEOS_DEPLOYMENT_TARGET = 13.0;
				LD_RUNPATH_SEARCH_PATHS = (
					"$(inherited)",
					"@executable_path/Frameworks",
					"@loader_path/Frameworks",
				);
				MARKETING_VERSION = 1.0;
				PRODUCT_BUNDLE_IDENTIFIER = wojciech.com.LibOfMoviesPersistence;
				PRODUCT_NAME = "$(TARGET_NAME:c99extidentifier)";
				SKIP_INSTALL = YES;
				SUPPORTS_MACCATALYST = NO;
				SWIFT_EMIT_LOC_STRINGS = YES;
				SWIFT_VERSION = 5.0;
				TARGETED_DEVICE_FAMILY = "1,2";
				VERSIONING_SYSTEM = "apple-generic";
				VERSION_INFO_PREFIX = "";
			};
			name = Release;
		};
/* End XCBuildConfiguration section */

/* Begin XCConfigurationList section */
		C229F6AD2B1E3C6700913CD9 /* Build configuration list for PBXProject "LibOfMovies" */ = {
			isa = XCConfigurationList;
			buildConfigurations = (
				C229F6C42B1E3C6C00913CD9 /* Debug */,
				C229F6C52B1E3C6C00913CD9 /* Release */,
			);
			defaultConfigurationIsVisible = 0;
			defaultConfigurationName = Release;
		};
		C229F6C62B1E3C6C00913CD9 /* Build configuration list for PBXNativeTarget "LibOfMovies" */ = {
			isa = XCConfigurationList;
			buildConfigurations = (
				C229F6C72B1E3C6C00913CD9 /* Debug */,
				C229F6C82B1E3C6C00913CD9 /* Release */,
			);
			defaultConfigurationIsVisible = 0;
			defaultConfigurationName = Release;
		};
		C229F6EF2B1E4CDA00913CD9 /* Build configuration list for PBXNativeTarget "LibOfMoviesUI" */ = {
			isa = XCConfigurationList;
			buildConfigurations = (
				C229F6F02B1E4CDA00913CD9 /* Debug */,
				C229F6F12B1E4CDA00913CD9 /* Release */,
			);
			defaultConfigurationIsVisible = 0;
			defaultConfigurationName = Release;
		};
		C229F70D2B1E4FC200913CD9 /* Build configuration list for PBXNativeTarget "LibOfMoviesNetwork" */ = {
			isa = XCConfigurationList;
			buildConfigurations = (
				C229F70E2B1E4FC200913CD9 /* Debug */,
				C229F70F2B1E4FC200913CD9 /* Release */,
			);
			defaultConfigurationIsVisible = 0;
			defaultConfigurationName = Release;
		};
		C2B211F42B1F10480080F26F /* Build configuration list for PBXNativeTarget "LibOfMoviesPersistence" */ = {
			isa = XCConfigurationList;
			buildConfigurations = (
				C2B211F22B1F10480080F26F /* Debug */,
				C2B211F32B1F10480080F26F /* Release */,
			);
			defaultConfigurationIsVisible = 0;
			defaultConfigurationName = Release;
		};
/* End XCConfigurationList section */

/* Begin XCRemoteSwiftPackageReference section */
		C2B211F52B1F13490080F26F /* XCRemoteSwiftPackageReference "realm-swift" */ = {
			isa = XCRemoteSwiftPackageReference;
			repositoryURL = "https://github.com/realm/realm-swift.git";
			requirement = {
				kind = exactVersion;
				version = 10.38.3;
			};
		};
/* End XCRemoteSwiftPackageReference section */

/* Begin XCSwiftPackageProductDependency section */
		C2B211F62B1F13490080F26F /* Realm */ = {
			isa = XCSwiftPackageProductDependency;
			package = C2B211F52B1F13490080F26F /* XCRemoteSwiftPackageReference "realm-swift" */;
			productName = Realm;
		};
		C2B211F82B1F13490080F26F /* RealmSwift */ = {
			isa = XCSwiftPackageProductDependency;
			package = C2B211F52B1F13490080F26F /* XCRemoteSwiftPackageReference "realm-swift" */;
			productName = RealmSwift;
		};
		C2B211FB2B1F135A0080F26F /* Realm */ = {
			isa = XCSwiftPackageProductDependency;
			package = C2B211F52B1F13490080F26F /* XCRemoteSwiftPackageReference "realm-swift" */;
			productName = Realm;
		};
		C2B211FD2B1F13610080F26F /* RealmSwift */ = {
			isa = XCSwiftPackageProductDependency;
			package = C2B211F52B1F13490080F26F /* XCRemoteSwiftPackageReference "realm-swift" */;
			productName = RealmSwift;
		};
/* End XCSwiftPackageProductDependency section */
	};
	rootObject = C229F6AA2B1E3C6700913CD9 /* Project object */;
}
